
Microsoft Visual Studio Solution File, Format Version 12.00
# Visual Studio 14
VisualStudioVersion = 14.0.25420.1
MinimumVisualStudioVersion = 10.0.40219.1
Project("{FAE04EC0-301F-11D3-BF4B-00C04F79EFBC}") = "MileEyes", "MileEyes\MileEyes\MileEyes.csproj", "{6719567F-69A5-416A-A427-2DFFCB0CD493}"
EndProject
Project("{FAE04EC0-301F-11D3-BF4B-00C04F79EFBC}") = "MileEyes.Droid", "MileEyes\MileEyes.Droid\MileEyes.Droid.csproj", "{EFCE0FAD-2763-4CEE-9B15-CB40A276C3AB}"
EndProject
Project("{FAE04EC0-301F-11D3-BF4B-00C04F79EFBC}") = "MileEyes.iOS", "MileEyes\MileEyes.iOS\MileEyes.iOS.csproj", "{C2A47C6F-5C76-4A7E-812A-A32B018C306E}"
EndProject
Project("{FAE04EC0-301F-11D3-BF4B-00C04F79EFBC}") = "MileEyes.WinPhone", "MileEyes\MileEyes.WinPhone\MileEyes.WinPhone.csproj", "{EF3D8A66-A18C-4252-9879-A1499D648A47}"
EndProject
Project("{FAE04EC0-301F-11D3-BF4B-00C04F79EFBC}") = "MileEyes.Services", "MileEyes.Services\MileEyes.Services.csproj", "{67F9D3A8-F71E-4428-913F-C37AE82CDB24}"
EndProject
Project("{FAE04EC0-301F-11D3-BF4B-00C04F79EFBC}") = "MileEyes.PublicModels", "MileEyes.PublicModels\MileEyes.PublicModels.csproj", "{5792F6EE-D9C2-40A0-BB1A-E3A2C1B81A01}"
EndProject
Project("{FAE04EC0-301F-11D3-BF4B-00C04F79EFBC}") = "MileEyes.API", "MileEyes.API\MileEyes.API.csproj", "{9E28695A-D84D-4B3E-A92F-417773044F76}"
EndProject
Project("{FAE04EC0-301F-11D3-BF4B-00C04F79EFBC}") = "MileEyes.APITests", "MileEyes.APITests\MileEyes.APITests.csproj", "{65E21CF8-89D7-43A3-A8CB-6D64B6466FD2}"
EndProject
Global
	GlobalSection(SolutionConfigurationPlatforms) = preSolution
		Ad-Hoc|Any CPU = Ad-Hoc|Any CPU
		Ad-Hoc|ARM = Ad-Hoc|ARM
		Ad-Hoc|iPhone = Ad-Hoc|iPhone
		Ad-Hoc|iPhoneSimulator = Ad-Hoc|iPhoneSimulator
		Ad-Hoc|x64 = Ad-Hoc|x64
		Ad-Hoc|x86 = Ad-Hoc|x86
		AppStore|Any CPU = AppStore|Any CPU
		AppStore|ARM = AppStore|ARM
		AppStore|iPhone = AppStore|iPhone
		AppStore|iPhoneSimulator = AppStore|iPhoneSimulator
		AppStore|x64 = AppStore|x64
		AppStore|x86 = AppStore|x86
		Debug|Any CPU = Debug|Any CPU
		Debug|ARM = Debug|ARM
		Debug|iPhone = Debug|iPhone
		Debug|iPhoneSimulator = Debug|iPhoneSimulator
		Debug|x64 = Debug|x64
		Debug|x86 = Debug|x86
		Release|Any CPU = Release|Any CPU
		Release|ARM = Release|ARM
		Release|iPhone = Release|iPhone
		Release|iPhoneSimulator = Release|iPhoneSimulator
		Release|x64 = Release|x64
		Release|x86 = Release|x86
	EndGlobalSection
	GlobalSection(ProjectConfigurationPlatforms) = postSolution
		{6719567F-69A5-416A-A427-2DFFCB0CD493}.Ad-Hoc|Any CPU.ActiveCfg = Release|Any CPU
		{6719567F-69A5-416A-A427-2DFFCB0CD493}.Ad-Hoc|Any CPU.Build.0 = Release|Any CPU
		{6719567F-69A5-416A-A427-2DFFCB0CD493}.Ad-Hoc|ARM.ActiveCfg = Release|Any CPU
		{6719567F-69A5-416A-A427-2DFFCB0CD493}.Ad-Hoc|ARM.Build.0 = Release|Any CPU
		{6719567F-69A5-416A-A427-2DFFCB0CD493}.Ad-Hoc|iPhone.ActiveCfg = Release|Any CPU
		{6719567F-69A5-416A-A427-2DFFCB0CD493}.Ad-Hoc|iPhone.Build.0 = Release|Any CPU
		{6719567F-69A5-416A-A427-2DFFCB0CD493}.Ad-Hoc|iPhoneSimulator.ActiveCfg = Release|Any CPU
		{6719567F-69A5-416A-A427-2DFFCB0CD493}.Ad-Hoc|iPhoneSimulator.Build.0 = Release|Any CPU
		{6719567F-69A5-416A-A427-2DFFCB0CD493}.Ad-Hoc|x64.ActiveCfg = Release|Any CPU
		{6719567F-69A5-416A-A427-2DFFCB0CD493}.Ad-Hoc|x64.Build.0 = Release|Any CPU
		{6719567F-69A5-416A-A427-2DFFCB0CD493}.Ad-Hoc|x86.ActiveCfg = Release|Any CPU
		{6719567F-69A5-416A-A427-2DFFCB0CD493}.Ad-Hoc|x86.Build.0 = Release|Any CPU
		{6719567F-69A5-416A-A427-2DFFCB0CD493}.AppStore|Any CPU.ActiveCfg = Release|Any CPU
		{6719567F-69A5-416A-A427-2DFFCB0CD493}.AppStore|Any CPU.Build.0 = Release|Any CPU
		{6719567F-69A5-416A-A427-2DFFCB0CD493}.AppStore|ARM.ActiveCfg = Release|Any CPU
		{6719567F-69A5-416A-A427-2DFFCB0CD493}.AppStore|ARM.Build.0 = Release|Any CPU
		{6719567F-69A5-416A-A427-2DFFCB0CD493}.AppStore|iPhone.ActiveCfg = Release|Any CPU
		{6719567F-69A5-416A-A427-2DFFCB0CD493}.AppStore|iPhone.Build.0 = Release|Any CPU
		{6719567F-69A5-416A-A427-2DFFCB0CD493}.AppStore|iPhoneSimulator.ActiveCfg = Release|Any CPU
		{6719567F-69A5-416A-A427-2DFFCB0CD493}.AppStore|iPhoneSimulator.Build.0 = Release|Any CPU
		{6719567F-69A5-416A-A427-2DFFCB0CD493}.AppStore|x64.ActiveCfg = Release|Any CPU
		{6719567F-69A5-416A-A427-2DFFCB0CD493}.AppStore|x64.Build.0 = Release|Any CPU
		{6719567F-69A5-416A-A427-2DFFCB0CD493}.AppStore|x86.ActiveCfg = Release|Any CPU
		{6719567F-69A5-416A-A427-2DFFCB0CD493}.AppStore|x86.Build.0 = Release|Any CPU
		{6719567F-69A5-416A-A427-2DFFCB0CD493}.Debug|Any CPU.ActiveCfg = Debug|Any CPU
		{6719567F-69A5-416A-A427-2DFFCB0CD493}.Debug|Any CPU.Build.0 = Debug|Any CPU
		{6719567F-69A5-416A-A427-2DFFCB0CD493}.Debug|ARM.ActiveCfg = Debug|Any CPU
		{6719567F-69A5-416A-A427-2DFFCB0CD493}.Debug|ARM.Build.0 = Debug|Any CPU
		{6719567F-69A5-416A-A427-2DFFCB0CD493}.Debug|iPhone.ActiveCfg = Debug|Any CPU
		{6719567F-69A5-416A-A427-2DFFCB0CD493}.Debug|iPhone.Build.0 = Debug|Any CPU
		{6719567F-69A5-416A-A427-2DFFCB0CD493}.Debug|iPhoneSimulator.ActiveCfg = Debug|Any CPU
		{6719567F-69A5-416A-A427-2DFFCB0CD493}.Debug|iPhoneSimulator.Build.0 = Debug|Any CPU
		{6719567F-69A5-416A-A427-2DFFCB0CD493}.Debug|x64.ActiveCfg = Debug|Any CPU
		{6719567F-69A5-416A-A427-2DFFCB0CD493}.Debug|x64.Build.0 = Debug|Any CPU
		{6719567F-69A5-416A-A427-2DFFCB0CD493}.Debug|x86.ActiveCfg = Debug|Any CPU
		{6719567F-69A5-416A-A427-2DFFCB0CD493}.Debug|x86.Build.0 = Debug|Any CPU
		{6719567F-69A5-416A-A427-2DFFCB0CD493}.Release|Any CPU.ActiveCfg = Release|Any CPU
		{6719567F-69A5-416A-A427-2DFFCB0CD493}.Release|Any CPU.Build.0 = Release|Any CPU
		{6719567F-69A5-416A-A427-2DFFCB0CD493}.Release|ARM.ActiveCfg = Release|Any CPU
		{6719567F-69A5-416A-A427-2DFFCB0CD493}.Release|ARM.Build.0 = Release|Any CPU
		{6719567F-69A5-416A-A427-2DFFCB0CD493}.Release|iPhone.ActiveCfg = Release|Any CPU
		{6719567F-69A5-416A-A427-2DFFCB0CD493}.Release|iPhone.Build.0 = Release|Any CPU
		{6719567F-69A5-416A-A427-2DFFCB0CD493}.Release|iPhoneSimulator.ActiveCfg = Release|Any CPU
		{6719567F-69A5-416A-A427-2DFFCB0CD493}.Release|iPhoneSimulator.Build.0 = Release|Any CPU
		{6719567F-69A5-416A-A427-2DFFCB0CD493}.Release|x64.ActiveCfg = Release|Any CPU
		{6719567F-69A5-416A-A427-2DFFCB0CD493}.Release|x64.Build.0 = Release|Any CPU
		{6719567F-69A5-416A-A427-2DFFCB0CD493}.Release|x86.ActiveCfg = Release|Any CPU
		{6719567F-69A5-416A-A427-2DFFCB0CD493}.Release|x86.Build.0 = Release|Any CPU
		{EFCE0FAD-2763-4CEE-9B15-CB40A276C3AB}.Ad-Hoc|Any CPU.ActiveCfg = Release|Any CPU
		{EFCE0FAD-2763-4CEE-9B15-CB40A276C3AB}.Ad-Hoc|Any CPU.Build.0 = Release|Any CPU
		{EFCE0FAD-2763-4CEE-9B15-CB40A276C3AB}.Ad-Hoc|Any CPU.Deploy.0 = Release|Any CPU
		{EFCE0FAD-2763-4CEE-9B15-CB40A276C3AB}.Ad-Hoc|ARM.ActiveCfg = Release|Any CPU
		{EFCE0FAD-2763-4CEE-9B15-CB40A276C3AB}.Ad-Hoc|ARM.Build.0 = Release|Any CPU
		{EFCE0FAD-2763-4CEE-9B15-CB40A276C3AB}.Ad-Hoc|ARM.Deploy.0 = Release|Any CPU
		{EFCE0FAD-2763-4CEE-9B15-CB40A276C3AB}.Ad-Hoc|iPhone.ActiveCfg = Release|Any CPU
		{EFCE0FAD-2763-4CEE-9B15-CB40A276C3AB}.Ad-Hoc|iPhone.Build.0 = Release|Any CPU
		{EFCE0FAD-2763-4CEE-9B15-CB40A276C3AB}.Ad-Hoc|iPhone.Deploy.0 = Release|Any CPU
		{EFCE0FAD-2763-4CEE-9B15-CB40A276C3AB}.Ad-Hoc|iPhoneSimulator.ActiveCfg = Release|Any CPU
		{EFCE0FAD-2763-4CEE-9B15-CB40A276C3AB}.Ad-Hoc|iPhoneSimulator.Build.0 = Release|Any CPU
		{EFCE0FAD-2763-4CEE-9B15-CB40A276C3AB}.Ad-Hoc|iPhoneSimulator.Deploy.0 = Release|Any CPU
		{EFCE0FAD-2763-4CEE-9B15-CB40A276C3AB}.Ad-Hoc|x64.ActiveCfg = Release|Any CPU
		{EFCE0FAD-2763-4CEE-9B15-CB40A276C3AB}.Ad-Hoc|x64.Build.0 = Release|Any CPU
		{EFCE0FAD-2763-4CEE-9B15-CB40A276C3AB}.Ad-Hoc|x64.Deploy.0 = Release|Any CPU
		{EFCE0FAD-2763-4CEE-9B15-CB40A276C3AB}.Ad-Hoc|x86.ActiveCfg = Release|Any CPU
		{EFCE0FAD-2763-4CEE-9B15-CB40A276C3AB}.Ad-Hoc|x86.Build.0 = Release|Any CPU
		{EFCE0FAD-2763-4CEE-9B15-CB40A276C3AB}.Ad-Hoc|x86.Deploy.0 = Release|Any CPU
		{EFCE0FAD-2763-4CEE-9B15-CB40A276C3AB}.AppStore|Any CPU.ActiveCfg = Release|Any CPU
		{EFCE0FAD-2763-4CEE-9B15-CB40A276C3AB}.AppStore|Any CPU.Build.0 = Release|Any CPU
		{EFCE0FAD-2763-4CEE-9B15-CB40A276C3AB}.AppStore|Any CPU.Deploy.0 = Release|Any CPU
		{EFCE0FAD-2763-4CEE-9B15-CB40A276C3AB}.AppStore|ARM.ActiveCfg = Release|Any CPU
		{EFCE0FAD-2763-4CEE-9B15-CB40A276C3AB}.AppStore|ARM.Build.0 = Release|Any CPU
		{EFCE0FAD-2763-4CEE-9B15-CB40A276C3AB}.AppStore|ARM.Deploy.0 = Release|Any CPU
		{EFCE0FAD-2763-4CEE-9B15-CB40A276C3AB}.AppStore|iPhone.ActiveCfg = Release|Any CPU
		{EFCE0FAD-2763-4CEE-9B15-CB40A276C3AB}.AppStore|iPhone.Build.0 = Release|Any CPU
		{EFCE0FAD-2763-4CEE-9B15-CB40A276C3AB}.AppStore|iPhone.Deploy.0 = Release|Any CPU
		{EFCE0FAD-2763-4CEE-9B15-CB40A276C3AB}.AppStore|iPhoneSimulator.ActiveCfg = Release|Any CPU
		{EFCE0FAD-2763-4CEE-9B15-CB40A276C3AB}.AppStore|iPhoneSimulator.Build.0 = Release|Any CPU
		{EFCE0FAD-2763-4CEE-9B15-CB40A276C3AB}.AppStore|iPhoneSimulator.Deploy.0 = Release|Any CPU
		{EFCE0FAD-2763-4CEE-9B15-CB40A276C3AB}.AppStore|x64.ActiveCfg = Release|Any CPU
		{EFCE0FAD-2763-4CEE-9B15-CB40A276C3AB}.AppStore|x64.Build.0 = Release|Any CPU
		{EFCE0FAD-2763-4CEE-9B15-CB40A276C3AB}.AppStore|x64.Deploy.0 = Release|Any CPU
		{EFCE0FAD-2763-4CEE-9B15-CB40A276C3AB}.AppStore|x86.ActiveCfg = Release|Any CPU
		{EFCE0FAD-2763-4CEE-9B15-CB40A276C3AB}.AppStore|x86.Build.0 = Release|Any CPU
		{EFCE0FAD-2763-4CEE-9B15-CB40A276C3AB}.AppStore|x86.Deploy.0 = Release|Any CPU
		{EFCE0FAD-2763-4CEE-9B15-CB40A276C3AB}.Debug|Any CPU.ActiveCfg = Debug|Any CPU
		{EFCE0FAD-2763-4CEE-9B15-CB40A276C3AB}.Debug|Any CPU.Build.0 = Debug|Any CPU
		{EFCE0FAD-2763-4CEE-9B15-CB40A276C3AB}.Debug|Any CPU.Deploy.0 = Debug|Any CPU
		{EFCE0FAD-2763-4CEE-9B15-CB40A276C3AB}.Debug|ARM.ActiveCfg = Debug|Any CPU
		{EFCE0FAD-2763-4CEE-9B15-CB40A276C3AB}.Debug|ARM.Build.0 = Debug|Any CPU
		{EFCE0FAD-2763-4CEE-9B15-CB40A276C3AB}.Debug|ARM.Deploy.0 = Debug|Any CPU
		{EFCE0FAD-2763-4CEE-9B15-CB40A276C3AB}.Debug|iPhone.ActiveCfg = Debug|Any CPU
		{EFCE0FAD-2763-4CEE-9B15-CB40A276C3AB}.Debug|iPhone.Build.0 = Debug|Any CPU
		{EFCE0FAD-2763-4CEE-9B15-CB40A276C3AB}.Debug|iPhone.Deploy.0 = Debug|Any CPU
		{EFCE0FAD-2763-4CEE-9B15-CB40A276C3AB}.Debug|iPhoneSimulator.ActiveCfg = Debug|Any CPU
		{EFCE0FAD-2763-4CEE-9B15-CB40A276C3AB}.Debug|iPhoneSimulator.Build.0 = Debug|Any CPU
		{EFCE0FAD-2763-4CEE-9B15-CB40A276C3AB}.Debug|iPhoneSimulator.Deploy.0 = Debug|Any CPU
		{EFCE0FAD-2763-4CEE-9B15-CB40A276C3AB}.Debug|x64.ActiveCfg = Debug|Any CPU
		{EFCE0FAD-2763-4CEE-9B15-CB40A276C3AB}.Debug|x64.Build.0 = Debug|Any CPU
		{EFCE0FAD-2763-4CEE-9B15-CB40A276C3AB}.Debug|x64.Deploy.0 = Debug|Any CPU
		{EFCE0FAD-2763-4CEE-9B15-CB40A276C3AB}.Debug|x86.ActiveCfg = Debug|Any CPU
		{EFCE0FAD-2763-4CEE-9B15-CB40A276C3AB}.Debug|x86.Build.0 = Debug|Any CPU
		{EFCE0FAD-2763-4CEE-9B15-CB40A276C3AB}.Debug|x86.Deploy.0 = Debug|Any CPU
		{EFCE0FAD-2763-4CEE-9B15-CB40A276C3AB}.Release|Any CPU.ActiveCfg = Release|Any CPU
		{EFCE0FAD-2763-4CEE-9B15-CB40A276C3AB}.Release|Any CPU.Build.0 = Release|Any CPU
		{EFCE0FAD-2763-4CEE-9B15-CB40A276C3AB}.Release|Any CPU.Deploy.0 = Release|Any CPU
		{EFCE0FAD-2763-4CEE-9B15-CB40A276C3AB}.Release|ARM.ActiveCfg = Release|Any CPU
		{EFCE0FAD-2763-4CEE-9B15-CB40A276C3AB}.Release|ARM.Build.0 = Release|Any CPU
		{EFCE0FAD-2763-4CEE-9B15-CB40A276C3AB}.Release|ARM.Deploy.0 = Release|Any CPU
		{EFCE0FAD-2763-4CEE-9B15-CB40A276C3AB}.Release|iPhone.ActiveCfg = Release|Any CPU
		{EFCE0FAD-2763-4CEE-9B15-CB40A276C3AB}.Release|iPhone.Build.0 = Release|Any CPU
		{EFCE0FAD-2763-4CEE-9B15-CB40A276C3AB}.Release|iPhone.Deploy.0 = Release|Any CPU
		{EFCE0FAD-2763-4CEE-9B15-CB40A276C3AB}.Release|iPhoneSimulator.ActiveCfg = Release|Any CPU
		{EFCE0FAD-2763-4CEE-9B15-CB40A276C3AB}.Release|iPhoneSimulator.Build.0 = Release|Any CPU
		{EFCE0FAD-2763-4CEE-9B15-CB40A276C3AB}.Release|iPhoneSimulator.Deploy.0 = Release|Any CPU
		{EFCE0FAD-2763-4CEE-9B15-CB40A276C3AB}.Release|x64.ActiveCfg = Release|Any CPU
		{EFCE0FAD-2763-4CEE-9B15-CB40A276C3AB}.Release|x64.Build.0 = Release|Any CPU
		{EFCE0FAD-2763-4CEE-9B15-CB40A276C3AB}.Release|x64.Deploy.0 = Release|Any CPU
		{EFCE0FAD-2763-4CEE-9B15-CB40A276C3AB}.Release|x86.ActiveCfg = Release|Any CPU
		{EFCE0FAD-2763-4CEE-9B15-CB40A276C3AB}.Release|x86.Build.0 = Release|Any CPU
		{EFCE0FAD-2763-4CEE-9B15-CB40A276C3AB}.Release|x86.Deploy.0 = Release|Any CPU
		{C2A47C6F-5C76-4A7E-812A-A32B018C306E}.Ad-Hoc|Any CPU.ActiveCfg = Ad-Hoc|iPhone
		{C2A47C6F-5C76-4A7E-812A-A32B018C306E}.Ad-Hoc|ARM.ActiveCfg = Ad-Hoc|iPhone
		{C2A47C6F-5C76-4A7E-812A-A32B018C306E}.Ad-Hoc|iPhone.ActiveCfg = Ad-Hoc|iPhone
		{C2A47C6F-5C76-4A7E-812A-A32B018C306E}.Ad-Hoc|iPhone.Build.0 = Ad-Hoc|iPhone
		{C2A47C6F-5C76-4A7E-812A-A32B018C306E}.Ad-Hoc|iPhoneSimulator.ActiveCfg = Ad-Hoc|iPhoneSimulator
		{C2A47C6F-5C76-4A7E-812A-A32B018C306E}.Ad-Hoc|iPhoneSimulator.Build.0 = Ad-Hoc|iPhoneSimulator
		{C2A47C6F-5C76-4A7E-812A-A32B018C306E}.Ad-Hoc|x64.ActiveCfg = Ad-Hoc|iPhone
		{C2A47C6F-5C76-4A7E-812A-A32B018C306E}.Ad-Hoc|x86.ActiveCfg = Ad-Hoc|iPhone
		{C2A47C6F-5C76-4A7E-812A-A32B018C306E}.AppStore|Any CPU.ActiveCfg = AppStore|iPhone
		{C2A47C6F-5C76-4A7E-812A-A32B018C306E}.AppStore|ARM.ActiveCfg = AppStore|iPhone
		{C2A47C6F-5C76-4A7E-812A-A32B018C306E}.AppStore|iPhone.ActiveCfg = AppStore|iPhone
		{C2A47C6F-5C76-4A7E-812A-A32B018C306E}.AppStore|iPhone.Build.0 = AppStore|iPhone
		{C2A47C6F-5C76-4A7E-812A-A32B018C306E}.AppStore|iPhoneSimulator.ActiveCfg = AppStore|iPhoneSimulator
		{C2A47C6F-5C76-4A7E-812A-A32B018C306E}.AppStore|iPhoneSimulator.Build.0 = AppStore|iPhoneSimulator
		{C2A47C6F-5C76-4A7E-812A-A32B018C306E}.AppStore|x64.ActiveCfg = AppStore|iPhone
		{C2A47C6F-5C76-4A7E-812A-A32B018C306E}.AppStore|x86.ActiveCfg = AppStore|iPhone
		{C2A47C6F-5C76-4A7E-812A-A32B018C306E}.Debug|Any CPU.ActiveCfg = Debug|iPhone
		{C2A47C6F-5C76-4A7E-812A-A32B018C306E}.Debug|ARM.ActiveCfg = Debug|iPhone
		{C2A47C6F-5C76-4A7E-812A-A32B018C306E}.Debug|iPhone.ActiveCfg = Debug|iPhone
		{C2A47C6F-5C76-4A7E-812A-A32B018C306E}.Debug|iPhone.Build.0 = Debug|iPhone
		{C2A47C6F-5C76-4A7E-812A-A32B018C306E}.Debug|iPhoneSimulator.ActiveCfg = Debug|iPhoneSimulator
		{C2A47C6F-5C76-4A7E-812A-A32B018C306E}.Debug|iPhoneSimulator.Build.0 = Debug|iPhoneSimulator
		{C2A47C6F-5C76-4A7E-812A-A32B018C306E}.Debug|x64.ActiveCfg = Debug|iPhone
		{C2A47C6F-5C76-4A7E-812A-A32B018C306E}.Debug|x86.ActiveCfg = Debug|iPhone
		{C2A47C6F-5C76-4A7E-812A-A32B018C306E}.Release|Any CPU.ActiveCfg = Release|iPhone
		{C2A47C6F-5C76-4A7E-812A-A32B018C306E}.Release|ARM.ActiveCfg = Release|iPhone
		{C2A47C6F-5C76-4A7E-812A-A32B018C306E}.Release|iPhone.ActiveCfg = Release|iPhone
		{C2A47C6F-5C76-4A7E-812A-A32B018C306E}.Release|iPhone.Build.0 = Release|iPhone
		{C2A47C6F-5C76-4A7E-812A-A32B018C306E}.Release|iPhoneSimulator.ActiveCfg = Release|iPhoneSimulator
		{C2A47C6F-5C76-4A7E-812A-A32B018C306E}.Release|iPhoneSimulator.Build.0 = Release|iPhoneSimulator
		{C2A47C6F-5C76-4A7E-812A-A32B018C306E}.Release|x64.ActiveCfg = Release|iPhone
		{C2A47C6F-5C76-4A7E-812A-A32B018C306E}.Release|x86.ActiveCfg = Release|iPhone
		{EF3D8A66-A18C-4252-9879-A1499D648A47}.Ad-Hoc|Any CPU.ActiveCfg = Release|Any CPU
		{EF3D8A66-A18C-4252-9879-A1499D648A47}.Ad-Hoc|Any CPU.Build.0 = Release|Any CPU
		{EF3D8A66-A18C-4252-9879-A1499D648A47}.Ad-Hoc|Any CPU.Deploy.0 = Release|Any CPU
		{EF3D8A66-A18C-4252-9879-A1499D648A47}.Ad-Hoc|ARM.ActiveCfg = Release|ARM
		{EF3D8A66-A18C-4252-9879-A1499D648A47}.Ad-Hoc|ARM.Build.0 = Release|ARM
		{EF3D8A66-A18C-4252-9879-A1499D648A47}.Ad-Hoc|ARM.Deploy.0 = Release|ARM
		{EF3D8A66-A18C-4252-9879-A1499D648A47}.Ad-Hoc|iPhone.ActiveCfg = Release|Any CPU
		{EF3D8A66-A18C-4252-9879-A1499D648A47}.Ad-Hoc|iPhone.Build.0 = Release|Any CPU
		{EF3D8A66-A18C-4252-9879-A1499D648A47}.Ad-Hoc|iPhone.Deploy.0 = Release|Any CPU
		{EF3D8A66-A18C-4252-9879-A1499D648A47}.Ad-Hoc|iPhoneSimulator.ActiveCfg = Release|Any CPU
		{EF3D8A66-A18C-4252-9879-A1499D648A47}.Ad-Hoc|iPhoneSimulator.Build.0 = Release|Any CPU
		{EF3D8A66-A18C-4252-9879-A1499D648A47}.Ad-Hoc|iPhoneSimulator.Deploy.0 = Release|Any CPU
		{EF3D8A66-A18C-4252-9879-A1499D648A47}.Ad-Hoc|x64.ActiveCfg = Release|Any CPU
		{EF3D8A66-A18C-4252-9879-A1499D648A47}.Ad-Hoc|x64.Build.0 = Release|Any CPU
		{EF3D8A66-A18C-4252-9879-A1499D648A47}.Ad-Hoc|x64.Deploy.0 = Release|Any CPU
		{EF3D8A66-A18C-4252-9879-A1499D648A47}.Ad-Hoc|x86.ActiveCfg = Release|x86
		{EF3D8A66-A18C-4252-9879-A1499D648A47}.Ad-Hoc|x86.Build.0 = Release|x86
		{EF3D8A66-A18C-4252-9879-A1499D648A47}.Ad-Hoc|x86.Deploy.0 = Release|x86
		{EF3D8A66-A18C-4252-9879-A1499D648A47}.AppStore|Any CPU.ActiveCfg = Release|Any CPU
		{EF3D8A66-A18C-4252-9879-A1499D648A47}.AppStore|Any CPU.Build.0 = Release|Any CPU
		{EF3D8A66-A18C-4252-9879-A1499D648A47}.AppStore|Any CPU.Deploy.0 = Release|Any CPU
		{EF3D8A66-A18C-4252-9879-A1499D648A47}.AppStore|ARM.ActiveCfg = Release|ARM
		{EF3D8A66-A18C-4252-9879-A1499D648A47}.AppStore|ARM.Build.0 = Release|ARM
		{EF3D8A66-A18C-4252-9879-A1499D648A47}.AppStore|ARM.Deploy.0 = Release|ARM
		{EF3D8A66-A18C-4252-9879-A1499D648A47}.AppStore|iPhone.ActiveCfg = Release|Any CPU
		{EF3D8A66-A18C-4252-9879-A1499D648A47}.AppStore|iPhone.Build.0 = Release|Any CPU
		{EF3D8A66-A18C-4252-9879-A1499D648A47}.AppStore|iPhone.Deploy.0 = Release|Any CPU
		{EF3D8A66-A18C-4252-9879-A1499D648A47}.AppStore|iPhoneSimulator.ActiveCfg = Release|Any CPU
		{EF3D8A66-A18C-4252-9879-A1499D648A47}.AppStore|iPhoneSimulator.Build.0 = Release|Any CPU
		{EF3D8A66-A18C-4252-9879-A1499D648A47}.AppStore|iPhoneSimulator.Deploy.0 = Release|Any CPU
		{EF3D8A66-A18C-4252-9879-A1499D648A47}.AppStore|x64.ActiveCfg = Release|Any CPU
		{EF3D8A66-A18C-4252-9879-A1499D648A47}.AppStore|x64.Build.0 = Release|Any CPU
		{EF3D8A66-A18C-4252-9879-A1499D648A47}.AppStore|x64.Deploy.0 = Release|Any CPU
		{EF3D8A66-A18C-4252-9879-A1499D648A47}.AppStore|x86.ActiveCfg = Release|x86
		{EF3D8A66-A18C-4252-9879-A1499D648A47}.AppStore|x86.Build.0 = Release|x86
		{EF3D8A66-A18C-4252-9879-A1499D648A47}.AppStore|x86.Deploy.0 = Release|x86
		{EF3D8A66-A18C-4252-9879-A1499D648A47}.Debug|Any CPU.ActiveCfg = Debug|Any CPU
		{EF3D8A66-A18C-4252-9879-A1499D648A47}.Debug|Any CPU.Build.0 = Debug|Any CPU
		{EF3D8A66-A18C-4252-9879-A1499D648A47}.Debug|Any CPU.Deploy.0 = Debug|Any CPU
		{EF3D8A66-A18C-4252-9879-A1499D648A47}.Debug|ARM.ActiveCfg = Debug|ARM
		{EF3D8A66-A18C-4252-9879-A1499D648A47}.Debug|ARM.Build.0 = Debug|ARM
		{EF3D8A66-A18C-4252-9879-A1499D648A47}.Debug|ARM.Deploy.0 = Debug|ARM
		{EF3D8A66-A18C-4252-9879-A1499D648A47}.Debug|iPhone.ActiveCfg = Debug|Any CPU
		{EF3D8A66-A18C-4252-9879-A1499D648A47}.Debug|iPhone.Build.0 = Debug|Any CPU
		{EF3D8A66-A18C-4252-9879-A1499D648A47}.Debug|iPhone.Deploy.0 = Debug|Any CPU
		{EF3D8A66-A18C-4252-9879-A1499D648A47}.Debug|iPhoneSimulator.ActiveCfg = Debug|Any CPU
		{EF3D8A66-A18C-4252-9879-A1499D648A47}.Debug|iPhoneSimulator.Build.0 = Debug|Any CPU
		{EF3D8A66-A18C-4252-9879-A1499D648A47}.Debug|iPhoneSimulator.Deploy.0 = Debug|Any CPU
		{EF3D8A66-A18C-4252-9879-A1499D648A47}.Debug|x64.ActiveCfg = Debug|Any CPU
		{EF3D8A66-A18C-4252-9879-A1499D648A47}.Debug|x64.Build.0 = Debug|Any CPU
		{EF3D8A66-A18C-4252-9879-A1499D648A47}.Debug|x64.Deploy.0 = Debug|Any CPU
		{EF3D8A66-A18C-4252-9879-A1499D648A47}.Debug|x86.ActiveCfg = Debug|x86
		{EF3D8A66-A18C-4252-9879-A1499D648A47}.Debug|x86.Build.0 = Debug|x86
		{EF3D8A66-A18C-4252-9879-A1499D648A47}.Debug|x86.Deploy.0 = Debug|x86
		{EF3D8A66-A18C-4252-9879-A1499D648A47}.Release|Any CPU.ActiveCfg = Release|Any CPU
		{EF3D8A66-A18C-4252-9879-A1499D648A47}.Release|Any CPU.Build.0 = Release|Any CPU
		{EF3D8A66-A18C-4252-9879-A1499D648A47}.Release|Any CPU.Deploy.0 = Release|Any CPU
		{EF3D8A66-A18C-4252-9879-A1499D648A47}.Release|ARM.ActiveCfg = Release|ARM
		{EF3D8A66-A18C-4252-9879-A1499D648A47}.Release|ARM.Build.0 = Release|ARM
		{EF3D8A66-A18C-4252-9879-A1499D648A47}.Release|ARM.Deploy.0 = Release|ARM
		{EF3D8A66-A18C-4252-9879-A1499D648A47}.Release|iPhone.ActiveCfg = Release|Any CPU
		{EF3D8A66-A18C-4252-9879-A1499D648A47}.Release|iPhone.Build.0 = Release|Any CPU
		{EF3D8A66-A18C-4252-9879-A1499D648A47}.Release|iPhone.Deploy.0 = Release|Any CPU
		{EF3D8A66-A18C-4252-9879-A1499D648A47}.Release|iPhoneSimulator.ActiveCfg = Release|Any CPU
		{EF3D8A66-A18C-4252-9879-A1499D648A47}.Release|iPhoneSimulator.Build.0 = Release|Any CPU
		{EF3D8A66-A18C-4252-9879-A1499D648A47}.Release|iPhoneSimulator.Deploy.0 = Release|Any CPU
		{EF3D8A66-A18C-4252-9879-A1499D648A47}.Release|x64.ActiveCfg = Release|Any CPU
		{EF3D8A66-A18C-4252-9879-A1499D648A47}.Release|x64.Build.0 = Release|Any CPU
		{EF3D8A66-A18C-4252-9879-A1499D648A47}.Release|x64.Deploy.0 = Release|Any CPU
		{EF3D8A66-A18C-4252-9879-A1499D648A47}.Release|x86.ActiveCfg = Release|x86
		{EF3D8A66-A18C-4252-9879-A1499D648A47}.Release|x86.Build.0 = Release|x86
		{EF3D8A66-A18C-4252-9879-A1499D648A47}.Release|x86.Deploy.0 = Release|x86
		{67F9D3A8-F71E-4428-913F-C37AE82CDB24}.Ad-Hoc|Any CPU.ActiveCfg = Release|Any CPU
		{67F9D3A8-F71E-4428-913F-C37AE82CDB24}.Ad-Hoc|Any CPU.Build.0 = Release|Any CPU
		{67F9D3A8-F71E-4428-913F-C37AE82CDB24}.Ad-Hoc|ARM.ActiveCfg = Release|Any CPU
		{67F9D3A8-F71E-4428-913F-C37AE82CDB24}.Ad-Hoc|ARM.Build.0 = Release|Any CPU
		{67F9D3A8-F71E-4428-913F-C37AE82CDB24}.Ad-Hoc|iPhone.ActiveCfg = Release|Any CPU
		{67F9D3A8-F71E-4428-913F-C37AE82CDB24}.Ad-Hoc|iPhone.Build.0 = Release|Any CPU
		{67F9D3A8-F71E-4428-913F-C37AE82CDB24}.Ad-Hoc|iPhoneSimulator.ActiveCfg = Release|Any CPU
		{67F9D3A8-F71E-4428-913F-C37AE82CDB24}.Ad-Hoc|iPhoneSimulator.Build.0 = Release|Any CPU
		{67F9D3A8-F71E-4428-913F-C37AE82CDB24}.Ad-Hoc|x64.ActiveCfg = Release|Any CPU
		{67F9D3A8-F71E-4428-913F-C37AE82CDB24}.Ad-Hoc|x64.Build.0 = Release|Any CPU
		{67F9D3A8-F71E-4428-913F-C37AE82CDB24}.Ad-Hoc|x86.ActiveCfg = Release|Any CPU
		{67F9D3A8-F71E-4428-913F-C37AE82CDB24}.Ad-Hoc|x86.Build.0 = Release|Any CPU
		{67F9D3A8-F71E-4428-913F-C37AE82CDB24}.AppStore|Any CPU.ActiveCfg = Release|Any CPU
		{67F9D3A8-F71E-4428-913F-C37AE82CDB24}.AppStore|Any CPU.Build.0 = Release|Any CPU
		{67F9D3A8-F71E-4428-913F-C37AE82CDB24}.AppStore|ARM.ActiveCfg = Release|Any CPU
		{67F9D3A8-F71E-4428-913F-C37AE82CDB24}.AppStore|ARM.Build.0 = Release|Any CPU
		{67F9D3A8-F71E-4428-913F-C37AE82CDB24}.AppStore|iPhone.ActiveCfg = Release|Any CPU
		{67F9D3A8-F71E-4428-913F-C37AE82CDB24}.AppStore|iPhone.Build.0 = Release|Any CPU
		{67F9D3A8-F71E-4428-913F-C37AE82CDB24}.AppStore|iPhoneSimulator.ActiveCfg = Release|Any CPU
		{67F9D3A8-F71E-4428-913F-C37AE82CDB24}.AppStore|iPhoneSimulator.Build.0 = Release|Any CPU
		{67F9D3A8-F71E-4428-913F-C37AE82CDB24}.AppStore|x64.ActiveCfg = Release|Any CPU
		{67F9D3A8-F71E-4428-913F-C37AE82CDB24}.AppStore|x64.Build.0 = Release|Any CPU
		{67F9D3A8-F71E-4428-913F-C37AE82CDB24}.AppStore|x86.ActiveCfg = Release|Any CPU
		{67F9D3A8-F71E-4428-913F-C37AE82CDB24}.AppStore|x86.Build.0 = Release|Any CPU
		{67F9D3A8-F71E-4428-913F-C37AE82CDB24}.Debug|Any CPU.ActiveCfg = Debug|Any CPU
		{67F9D3A8-F71E-4428-913F-C37AE82CDB24}.Debug|Any CPU.Build.0 = Debug|Any CPU
		{67F9D3A8-F71E-4428-913F-C37AE82CDB24}.Debug|ARM.ActiveCfg = Debug|Any CPU
		{67F9D3A8-F71E-4428-913F-C37AE82CDB24}.Debug|ARM.Build.0 = Debug|Any CPU
		{67F9D3A8-F71E-4428-913F-C37AE82CDB24}.Debug|iPhone.ActiveCfg = Debug|Any CPU
		{67F9D3A8-F71E-4428-913F-C37AE82CDB24}.Debug|iPhone.Build.0 = Debug|Any CPU
		{67F9D3A8-F71E-4428-913F-C37AE82CDB24}.Debug|iPhoneSimulator.ActiveCfg = Debug|Any CPU
		{67F9D3A8-F71E-4428-913F-C37AE82CDB24}.Debug|iPhoneSimulator.Build.0 = Debug|Any CPU
		{67F9D3A8-F71E-4428-913F-C37AE82CDB24}.Debug|x64.ActiveCfg = Debug|Any CPU
		{67F9D3A8-F71E-4428-913F-C37AE82CDB24}.Debug|x64.Build.0 = Debug|Any CPU
		{67F9D3A8-F71E-4428-913F-C37AE82CDB24}.Debug|x86.ActiveCfg = Debug|Any CPU
		{67F9D3A8-F71E-4428-913F-C37AE82CDB24}.Debug|x86.Build.0 = Debug|Any CPU
		{67F9D3A8-F71E-4428-913F-C37AE82CDB24}.Release|Any CPU.ActiveCfg = Release|Any CPU
		{67F9D3A8-F71E-4428-913F-C37AE82CDB24}.Release|Any CPU.Build.0 = Release|Any CPU
		{67F9D3A8-F71E-4428-913F-C37AE82CDB24}.Release|ARM.ActiveCfg = Release|Any CPU
		{67F9D3A8-F71E-4428-913F-C37AE82CDB24}.Release|ARM.Build.0 = Release|Any CPU
		{67F9D3A8-F71E-4428-913F-C37AE82CDB24}.Release|iPhone.ActiveCfg = Release|Any CPU
		{67F9D3A8-F71E-4428-913F-C37AE82CDB24}.Release|iPhone.Build.0 = Release|Any CPU
		{67F9D3A8-F71E-4428-913F-C37AE82CDB24}.Release|iPhoneSimulator.ActiveCfg = Release|Any CPU
		{67F9D3A8-F71E-4428-913F-C37AE82CDB24}.Release|iPhoneSimulator.Build.0 = Release|Any CPU
		{67F9D3A8-F71E-4428-913F-C37AE82CDB24}.Release|x64.ActiveCfg = Release|Any CPU
		{67F9D3A8-F71E-4428-913F-C37AE82CDB24}.Release|x64.Build.0 = Release|Any CPU
		{67F9D3A8-F71E-4428-913F-C37AE82CDB24}.Release|x86.ActiveCfg = Release|Any CPU
		{67F9D3A8-F71E-4428-913F-C37AE82CDB24}.Release|x86.Build.0 = Release|Any CPU
		{5792F6EE-D9C2-40A0-BB1A-E3A2C1B81A01}.Ad-Hoc|Any CPU.ActiveCfg = Release|Any CPU
		{5792F6EE-D9C2-40A0-BB1A-E3A2C1B81A01}.Ad-Hoc|Any CPU.Build.0 = Release|Any CPU
		{5792F6EE-D9C2-40A0-BB1A-E3A2C1B81A01}.Ad-Hoc|ARM.ActiveCfg = Release|Any CPU
		{5792F6EE-D9C2-40A0-BB1A-E3A2C1B81A01}.Ad-Hoc|ARM.Build.0 = Release|Any CPU
		{5792F6EE-D9C2-40A0-BB1A-E3A2C1B81A01}.Ad-Hoc|iPhone.ActiveCfg = Release|Any CPU
		{5792F6EE-D9C2-40A0-BB1A-E3A2C1B81A01}.Ad-Hoc|iPhone.Build.0 = Release|Any CPU
		{5792F6EE-D9C2-40A0-BB1A-E3A2C1B81A01}.Ad-Hoc|iPhoneSimulator.ActiveCfg = Release|Any CPU
		{5792F6EE-D9C2-40A0-BB1A-E3A2C1B81A01}.Ad-Hoc|iPhoneSimulator.Build.0 = Release|Any CPU
		{5792F6EE-D9C2-40A0-BB1A-E3A2C1B81A01}.Ad-Hoc|x64.ActiveCfg = Release|Any CPU
		{5792F6EE-D9C2-40A0-BB1A-E3A2C1B81A01}.Ad-Hoc|x64.Build.0 = Release|Any CPU
		{5792F6EE-D9C2-40A0-BB1A-E3A2C1B81A01}.Ad-Hoc|x86.ActiveCfg = Release|Any CPU
		{5792F6EE-D9C2-40A0-BB1A-E3A2C1B81A01}.Ad-Hoc|x86.Build.0 = Release|Any CPU
		{5792F6EE-D9C2-40A0-BB1A-E3A2C1B81A01}.AppStore|Any CPU.ActiveCfg = Release|Any CPU
		{5792F6EE-D9C2-40A0-BB1A-E3A2C1B81A01}.AppStore|Any CPU.Build.0 = Release|Any CPU
		{5792F6EE-D9C2-40A0-BB1A-E3A2C1B81A01}.AppStore|ARM.ActiveCfg = Release|Any CPU
		{5792F6EE-D9C2-40A0-BB1A-E3A2C1B81A01}.AppStore|ARM.Build.0 = Release|Any CPU
		{5792F6EE-D9C2-40A0-BB1A-E3A2C1B81A01}.AppStore|iPhone.ActiveCfg = Release|Any CPU
		{5792F6EE-D9C2-40A0-BB1A-E3A2C1B81A01}.AppStore|iPhone.Build.0 = Release|Any CPU
		{5792F6EE-D9C2-40A0-BB1A-E3A2C1B81A01}.AppStore|iPhoneSimulator.ActiveCfg = Release|Any CPU
		{5792F6EE-D9C2-40A0-BB1A-E3A2C1B81A01}.AppStore|iPhoneSimulator.Build.0 = Release|Any CPU
		{5792F6EE-D9C2-40A0-BB1A-E3A2C1B81A01}.AppStore|x64.ActiveCfg = Release|Any CPU
		{5792F6EE-D9C2-40A0-BB1A-E3A2C1B81A01}.AppStore|x64.Build.0 = Release|Any CPU
		{5792F6EE-D9C2-40A0-BB1A-E3A2C1B81A01}.AppStore|x86.ActiveCfg = Release|Any CPU
		{5792F6EE-D9C2-40A0-BB1A-E3A2C1B81A01}.AppStore|x86.Build.0 = Release|Any CPU
		{5792F6EE-D9C2-40A0-BB1A-E3A2C1B81A01}.Debug|Any CPU.ActiveCfg = Debug|Any CPU
		{5792F6EE-D9C2-40A0-BB1A-E3A2C1B81A01}.Debug|Any CPU.Build.0 = Debug|Any CPU
		{5792F6EE-D9C2-40A0-BB1A-E3A2C1B81A01}.Debug|ARM.ActiveCfg = Debug|Any CPU
		{5792F6EE-D9C2-40A0-BB1A-E3A2C1B81A01}.Debug|ARM.Build.0 = Debug|Any CPU
		{5792F6EE-D9C2-40A0-BB1A-E3A2C1B81A01}.Debug|iPhone.ActiveCfg = Debug|Any CPU
		{5792F6EE-D9C2-40A0-BB1A-E3A2C1B81A01}.Debug|iPhone.Build.0 = Debug|Any CPU
		{5792F6EE-D9C2-40A0-BB1A-E3A2C1B81A01}.Debug|iPhoneSimulator.ActiveCfg = Debug|Any CPU
		{5792F6EE-D9C2-40A0-BB1A-E3A2C1B81A01}.Debug|iPhoneSimulator.Build.0 = Debug|Any CPU
		{5792F6EE-D9C2-40A0-BB1A-E3A2C1B81A01}.Debug|x64.ActiveCfg = Debug|Any CPU
		{5792F6EE-D9C2-40A0-BB1A-E3A2C1B81A01}.Debug|x64.Build.0 = Debug|Any CPU
		{5792F6EE-D9C2-40A0-BB1A-E3A2C1B81A01}.Debug|x86.ActiveCfg = Debug|Any CPU
		{5792F6EE-D9C2-40A0-BB1A-E3A2C1B81A01}.Debug|x86.Build.0 = Debug|Any CPU
		{5792F6EE-D9C2-40A0-BB1A-E3A2C1B81A01}.Release|Any CPU.ActiveCfg = Release|Any CPU
		{5792F6EE-D9C2-40A0-BB1A-E3A2C1B81A01}.Release|Any CPU.Build.0 = Release|Any CPU
		{5792F6EE-D9C2-40A0-BB1A-E3A2C1B81A01}.Release|ARM.ActiveCfg = Release|Any CPU
		{5792F6EE-D9C2-40A0-BB1A-E3A2C1B81A01}.Release|ARM.Build.0 = Release|Any CPU
		{5792F6EE-D9C2-40A0-BB1A-E3A2C1B81A01}.Release|iPhone.ActiveCfg = Release|Any CPU
		{5792F6EE-D9C2-40A0-BB1A-E3A2C1B81A01}.Release|iPhone.Build.0 = Release|Any CPU
		{5792F6EE-D9C2-40A0-BB1A-E3A2C1B81A01}.Release|iPhoneSimulator.ActiveCfg = Release|Any CPU
		{5792F6EE-D9C2-40A0-BB1A-E3A2C1B81A01}.Release|iPhoneSimulator.Build.0 = Release|Any CPU
		{5792F6EE-D9C2-40A0-BB1A-E3A2C1B81A01}.Release|x64.ActiveCfg = Release|Any CPU
		{5792F6EE-D9C2-40A0-BB1A-E3A2C1B81A01}.Release|x64.Build.0 = Release|Any CPU
		{5792F6EE-D9C2-40A0-BB1A-E3A2C1B81A01}.Release|x86.ActiveCfg = Release|Any CPU
		{5792F6EE-D9C2-40A0-BB1A-E3A2C1B81A01}.Release|x86.Build.0 = Release|Any CPU
		{9E28695A-D84D-4B3E-A92F-417773044F76}.Ad-Hoc|Any CPU.ActiveCfg = Release|Any CPU
		{9E28695A-D84D-4B3E-A92F-417773044F76}.Ad-Hoc|Any CPU.Build.0 = Release|Any CPU
		{9E28695A-D84D-4B3E-A92F-417773044F76}.Ad-Hoc|ARM.ActiveCfg = Release|Any CPU
		{9E28695A-D84D-4B3E-A92F-417773044F76}.Ad-Hoc|ARM.Build.0 = Release|Any CPU
		{9E28695A-D84D-4B3E-A92F-417773044F76}.Ad-Hoc|iPhone.ActiveCfg = Release|Any CPU
		{9E28695A-D84D-4B3E-A92F-417773044F76}.Ad-Hoc|iPhone.Build.0 = Release|Any CPU
		{9E28695A-D84D-4B3E-A92F-417773044F76}.Ad-Hoc|iPhoneSimulator.ActiveCfg = Release|Any CPU
		{9E28695A-D84D-4B3E-A92F-417773044F76}.Ad-Hoc|iPhoneSimulator.Build.0 = Release|Any CPU
		{9E28695A-D84D-4B3E-A92F-417773044F76}.Ad-Hoc|x64.ActiveCfg = Release|Any CPU
		{9E28695A-D84D-4B3E-A92F-417773044F76}.Ad-Hoc|x64.Build.0 = Release|Any CPU
		{9E28695A-D84D-4B3E-A92F-417773044F76}.Ad-Hoc|x86.ActiveCfg = Release|Any CPU
		{9E28695A-D84D-4B3E-A92F-417773044F76}.Ad-Hoc|x86.Build.0 = Release|Any CPU
		{9E28695A-D84D-4B3E-A92F-417773044F76}.AppStore|Any CPU.ActiveCfg = Release|Any CPU
		{9E28695A-D84D-4B3E-A92F-417773044F76}.AppStore|Any CPU.Build.0 = Release|Any CPU
		{9E28695A-D84D-4B3E-A92F-417773044F76}.AppStore|ARM.ActiveCfg = Release|Any CPU
		{9E28695A-D84D-4B3E-A92F-417773044F76}.AppStore|ARM.Build.0 = Release|Any CPU
		{9E28695A-D84D-4B3E-A92F-417773044F76}.AppStore|iPhone.ActiveCfg = Release|Any CPU
		{9E28695A-D84D-4B3E-A92F-417773044F76}.AppStore|iPhone.Build.0 = Release|Any CPU
		{9E28695A-D84D-4B3E-A92F-417773044F76}.AppStore|iPhoneSimulator.ActiveCfg = Release|Any CPU
		{9E28695A-D84D-4B3E-A92F-417773044F76}.AppStore|iPhoneSimulator.Build.0 = Release|Any CPU
		{9E28695A-D84D-4B3E-A92F-417773044F76}.AppStore|x64.ActiveCfg = Release|Any CPU
		{9E28695A-D84D-4B3E-A92F-417773044F76}.AppStore|x64.Build.0 = Release|Any CPU
		{9E28695A-D84D-4B3E-A92F-417773044F76}.AppStore|x86.ActiveCfg = Release|Any CPU
		{9E28695A-D84D-4B3E-A92F-417773044F76}.AppStore|x86.Build.0 = Release|Any CPU
		{9E28695A-D84D-4B3E-A92F-417773044F76}.Debug|Any CPU.ActiveCfg = Debug|Any CPU
		{9E28695A-D84D-4B3E-A92F-417773044F76}.Debug|Any CPU.Build.0 = Debug|Any CPU
		{9E28695A-D84D-4B3E-A92F-417773044F76}.Debug|ARM.ActiveCfg = Debug|Any CPU
		{9E28695A-D84D-4B3E-A92F-417773044F76}.Debug|ARM.Build.0 = Debug|Any CPU
		{9E28695A-D84D-4B3E-A92F-417773044F76}.Debug|iPhone.ActiveCfg = Debug|Any CPU
		{9E28695A-D84D-4B3E-A92F-417773044F76}.Debug|iPhone.Build.0 = Debug|Any CPU
		{9E28695A-D84D-4B3E-A92F-417773044F76}.Debug|iPhoneSimulator.ActiveCfg = Debug|Any CPU
		{9E28695A-D84D-4B3E-A92F-417773044F76}.Debug|iPhoneSimulator.Build.0 = Debug|Any CPU
		{9E28695A-D84D-4B3E-A92F-417773044F76}.Debug|x64.ActiveCfg = Debug|Any CPU
		{9E28695A-D84D-4B3E-A92F-417773044F76}.Debug|x64.Build.0 = Debug|Any CPU
		{9E28695A-D84D-4B3E-A92F-417773044F76}.Debug|x86.ActiveCfg = Debug|Any CPU
		{9E28695A-D84D-4B3E-A92F-417773044F76}.Debug|x86.Build.0 = Debug|Any CPU
		{9E28695A-D84D-4B3E-A92F-417773044F76}.Release|Any CPU.ActiveCfg = Release|Any CPU
		{9E28695A-D84D-4B3E-A92F-417773044F76}.Release|Any CPU.Build.0 = Release|Any CPU
		{9E28695A-D84D-4B3E-A92F-417773044F76}.Release|ARM.ActiveCfg = Release|Any CPU
		{9E28695A-D84D-4B3E-A92F-417773044F76}.Release|ARM.Build.0 = Release|Any CPU
		{9E28695A-D84D-4B3E-A92F-417773044F76}.Release|iPhone.ActiveCfg = Release|Any CPU
		{9E28695A-D84D-4B3E-A92F-417773044F76}.Release|iPhone.Build.0 = Release|Any CPU
		{9E28695A-D84D-4B3E-A92F-417773044F76}.Release|iPhoneSimulator.ActiveCfg = Release|Any CPU
		{9E28695A-D84D-4B3E-A92F-417773044F76}.Release|iPhoneSimulator.Build.0 = Release|Any CPU
		{9E28695A-D84D-4B3E-A92F-417773044F76}.Release|x64.ActiveCfg = Release|Any CPU
		{9E28695A-D84D-4B3E-A92F-417773044F76}.Release|x64.Build.0 = Release|Any CPU
		{9E28695A-D84D-4B3E-A92F-417773044F76}.Release|x86.ActiveCfg = Release|Any CPU
		{9E28695A-D84D-4B3E-A92F-417773044F76}.Release|x86.Build.0 = Release|Any CPU
		{65E21CF8-89D7-43A3-A8CB-6D64B6466FD2}.Ad-Hoc|Any CPU.ActiveCfg = Release|Any CPU
		{65E21CF8-89D7-43A3-A8CB-6D64B6466FD2}.Ad-Hoc|Any CPU.Build.0 = Release|Any CPU
		{65E21CF8-89D7-43A3-A8CB-6D64B6466FD2}.Ad-Hoc|ARM.ActiveCfg = Release|Any CPU
		{65E21CF8-89D7-43A3-A8CB-6D64B6466FD2}.Ad-Hoc|ARM.Build.0 = Release|Any CPU
		{65E21CF8-89D7-43A3-A8CB-6D64B6466FD2}.Ad-Hoc|iPhone.ActiveCfg = Release|Any CPU
		{65E21CF8-89D7-43A3-A8CB-6D64B6466FD2}.Ad-Hoc|iPhone.Build.0 = Release|Any CPU
		{65E21CF8-89D7-43A3-A8CB-6D64B6466FD2}.Ad-Hoc|iPhoneSimulator.ActiveCfg = Release|Any CPU
		{65E21CF8-89D7-43A3-A8CB-6D64B6466FD2}.Ad-Hoc|iPhoneSimulator.Build.0 = Release|Any CPU
		{65E21CF8-89D7-43A3-A8CB-6D64B6466FD2}.Ad-Hoc|x64.ActiveCfg = Release|Any CPU
		{65E21CF8-89D7-43A3-A8CB-6D64B6466FD2}.Ad-Hoc|x64.Build.0 = Release|Any CPU
		{65E21CF8-89D7-43A3-A8CB-6D64B6466FD2}.Ad-Hoc|x86.ActiveCfg = Release|Any CPU
		{65E21CF8-89D7-43A3-A8CB-6D64B6466FD2}.Ad-Hoc|x86.Build.0 = Release|Any CPU
		{65E21CF8-89D7-43A3-A8CB-6D64B6466FD2}.AppStore|Any CPU.ActiveCfg = Release|Any CPU
		{65E21CF8-89D7-43A3-A8CB-6D64B6466FD2}.AppStore|Any CPU.Build.0 = Release|Any CPU
		{65E21CF8-89D7-43A3-A8CB-6D64B6466FD2}.AppStore|ARM.ActiveCfg = Release|Any CPU
		{65E21CF8-89D7-43A3-A8CB-6D64B6466FD2}.AppStore|ARM.Build.0 = Release|Any CPU
		{65E21CF8-89D7-43A3-A8CB-6D64B6466FD2}.AppStore|iPhone.ActiveCfg = Release|Any CPU
		{65E21CF8-89D7-43A3-A8CB-6D64B6466FD2}.AppStore|iPhone.Build.0 = Release|Any CPU
		{65E21CF8-89D7-43A3-A8CB-6D64B6466FD2}.AppStore|iPhoneSimulator.ActiveCfg = Release|Any CPU
		{65E21CF8-89D7-43A3-A8CB-6D64B6466FD2}.AppStore|iPhoneSimulator.Build.0 = Release|Any CPU
		{65E21CF8-89D7-43A3-A8CB-6D64B6466FD2}.AppStore|x64.ActiveCfg = Release|Any CPU
		{65E21CF8-89D7-43A3-A8CB-6D64B6466FD2}.AppStore|x64.Build.0 = Release|Any CPU
		{65E21CF8-89D7-43A3-A8CB-6D64B6466FD2}.AppStore|x86.ActiveCfg = Release|Any CPU
		{65E21CF8-89D7-43A3-A8CB-6D64B6466FD2}.AppStore|x86.Build.0 = Release|Any CPU
		{65E21CF8-89D7-43A3-A8CB-6D64B6466FD2}.Debug|Any CPU.ActiveCfg = Debug|Any CPU
		{65E21CF8-89D7-43A3-A8CB-6D64B6466FD2}.Debug|Any CPU.Build.0 = Debug|Any CPU
		{65E21CF8-89D7-43A3-A8CB-6D64B6466FD2}.Debug|ARM.ActiveCfg = Debug|Any CPU
		{65E21CF8-89D7-43A3-A8CB-6D64B6466FD2}.Debug|ARM.Build.0 = Debug|Any CPU
		{65E21CF8-89D7-43A3-A8CB-6D64B6466FD2}.Debug|iPhone.ActiveCfg = Debug|Any CPU
		{65E21CF8-89D7-43A3-A8CB-6D64B6466FD2}.Debug|iPhone.Build.0 = Debug|Any CPU
		{65E21CF8-89D7-43A3-A8CB-6D64B6466FD2}.Debug|iPhoneSimulator.ActiveCfg = Debug|Any CPU
		{65E21CF8-89D7-43A3-A8CB-6D64B6466FD2}.Debug|iPhoneSimulator.Build.0 = Debug|Any CPU
		{65E21CF8-89D7-43A3-A8CB-6D64B6466FD2}.Debug|x64.ActiveCfg = Debug|Any CPU
		{65E21CF8-89D7-43A3-A8CB-6D64B6466FD2}.Debug|x64.Build.0 = Debug|Any CPU
		{65E21CF8-89D7-43A3-A8CB-6D64B6466FD2}.Debug|x86.ActiveCfg = Debug|Any CPU
		{65E21CF8-89D7-43A3-A8CB-6D64B6466FD2}.Debug|x86.Build.0 = Debug|Any CPU
		{65E21CF8-89D7-43A3-A8CB-6D64B6466FD2}.Release|Any CPU.ActiveCfg = Release|Any CPU
		{65E21CF8-89D7-43A3-A8CB-6D64B6466FD2}.Release|Any CPU.Build.0 = Release|Any CPU
		{65E21CF8-89D7-43A3-A8CB-6D64B6466FD2}.Release|ARM.ActiveCfg = Release|Any CPU
		{65E21CF8-89D7-43A3-A8CB-6D64B6466FD2}.Release|ARM.Build.0 = Release|Any CPU
		{65E21CF8-89D7-43A3-A8CB-6D64B6466FD2}.Release|iPhone.ActiveCfg = Release|Any CPU
		{65E21CF8-89D7-43A3-A8CB-6D64B6466FD2}.Release|iPhone.Build.0 = Release|Any CPU
		{65E21CF8-89D7-43A3-A8CB-6D64B6466FD2}.Release|iPhoneSimulator.ActiveCfg = Release|Any CPU
		{65E21CF8-89D7-43A3-A8CB-6D64B6466FD2}.Release|iPhoneSimulator.Build.0 = Release|Any CPU
		{65E21CF8-89D7-43A3-A8CB-6D64B6466FD2}.Release|x64.ActiveCfg = Release|Any CPU
		{65E21CF8-89D7-43A3-A8CB-6D64B6466FD2}.Release|x64.Build.0 = Release|Any CPU
		{65E21CF8-89D7-43A3-A8CB-6D64B6466FD2}.Release|x86.ActiveCfg = Release|Any CPU
		{65E21CF8-89D7-43A3-A8CB-6D64B6466FD2}.Release|x86.Build.0 = Release|Any CPU
	EndGlobalSection
	GlobalSection(SolutionProperties) = preSolution
		HideSolutionNode = FALSE
	EndGlobalSection
EndGlobal
